
Microsoft Visual Studio Solution File, Format Version 12.00
# Visual Studio Version 17
VisualStudioVersion = 17.0.31903.59
MinimumVisualStudioVersion = 10.0.40219.1
Project("{FAE04EC0-301F-11D3-BF4B-00C04F79EFBC}") = "PokerScore.Api", "PokerScore.Api\PokerScore.Api.csproj", "{F21B5C32-5906-41EF-A409-EFB6EE31B1E6}"
EndProject
Project("{FAE04EC0-301F-11D3-BF4B-00C04F79EFBC}") = "PokerScore.Core", "PokerScore.Core\PokerScore.Core.csproj", "{B3B3DBCB-17F8-4F01-AC01-B6E5791CB1BE}"
EndProject
Project("{FAE04EC0-301F-11D3-BF4B-00C04F79EFBC}") = "PokerScore.Data", "PokerScore.Data\PokerScore.Data.csproj", "{BE3F78CF-8728-44B9-A0C8-41CD2B4CD716}"
EndProject
Global
	GlobalSection(SolutionProperties) = preSolution
		HideSolutionNode = FALSE
	EndGlobalSection
	GlobalSection(SolutionConfigurationPlatforms) = preSolution
		Debug|Any CPU = Debug|Any CPU
		Debug|x64 = Debug|x64
		Debug|x86 = Debug|x86
		Release|Any CPU = Release|Any CPU
		Release|x64 = Release|x64
		Release|x86 = Release|x86
	EndGlobalSection
	GlobalSection(ProjectConfigurationPlatforms) = postSolution
		{F21B5C32-5906-41EF-A409-EFB6EE31B1E6}.Debug|Any CPU.ActiveCfg = Debug|Any CPU
		{F21B5C32-5906-41EF-A409-EFB6EE31B1E6}.Debug|Any CPU.Build.0 = Debug|Any CPU
		{F21B5C32-5906-41EF-A409-EFB6EE31B1E6}.Debug|x64.ActiveCfg = Debug|Any CPU
		{F21B5C32-5906-41EF-A409-EFB6EE31B1E6}.Debug|x64.Build.0 = Debug|Any CPU
		{F21B5C32-5906-41EF-A409-EFB6EE31B1E6}.Debug|x86.ActiveCfg = Debug|Any CPU
		{F21B5C32-5906-41EF-A409-EFB6EE31B1E6}.Debug|x86.Build.0 = Debug|Any CPU
		{F21B5C32-5906-41EF-A409-EFB6EE31B1E6}.Release|Any CPU.ActiveCfg = Release|Any CPU
		{F21B5C32-5906-41EF-A409-EFB6EE31B1E6}.Release|Any CPU.Build.0 = Release|Any CPU
		{F21B5C32-5906-41EF-A409-EFB6EE31B1E6}.Release|x64.ActiveCfg = Release|Any CPU
		{F21B5C32-5906-41EF-A409-EFB6EE31B1E6}.Release|x64.Build.0 = Release|Any CPU
		{F21B5C32-5906-41EF-A409-EFB6EE31B1E6}.Release|x86.ActiveCfg = Release|Any CPU
		{F21B5C32-5906-41EF-A409-EFB6EE31B1E6}.Release|x86.Build.0 = Release|Any CPU
		{B3B3DBCB-17F8-4F01-AC01-B6E5791CB1BE}.Debug|Any CPU.ActiveCfg = Debug|Any CPU
		{B3B3DBCB-17F8-4F01-AC01-B6E5791CB1BE}.Debug|Any CPU.Build.0 = Debug|Any CPU
		{B3B3DBCB-17F8-4F01-AC01-B6E5791CB1BE}.Debug|x64.ActiveCfg = Debug|Any CPU
		{B3B3DBCB-17F8-4F01-AC01-B6E5791CB1BE}.Debug|x64.Build.0 = Debug|Any CPU
		{B3B3DBCB-17F8-4F01-AC01-B6E5791CB1BE}.Debug|x86.ActiveCfg = Debug|Any CPU
		{B3B3DBCB-17F8-4F01-AC01-B6E5791CB1BE}.Debug|x86.Build.0 = Debug|Any CPU
		{B3B3DBCB-17F8-4F01-AC01-B6E5791CB1BE}.Release|Any CPU.ActiveCfg = Release|Any CPU
		{B3B3DBCB-17F8-4F01-AC01-B6E5791CB1BE}.Release|Any CPU.Build.0 = Release|Any CPU
		{B3B3DBCB-17F8-4F01-AC01-B6E5791CB1BE}.Release|x64.ActiveCfg = Release|Any CPU
		{B3B3DBCB-17F8-4F01-AC01-B6E5791CB1BE}.Release|x64.Build.0 = Release|Any CPU
		{B3B3DBCB-17F8-4F01-AC01-B6E5791CB1BE}.Release|x86.ActiveCfg = Release|Any CPU
		{B3B3DBCB-17F8-4F01-AC01-B6E5791CB1BE}.Release|x86.Build.0 = Release|Any CPU
		{BE3F78CF-8728-44B9-A0C8-41CD2B4CD716}.Debug|Any CPU.ActiveCfg = Debug|Any CPU
		{BE3F78CF-8728-44B9-A0C8-41CD2B4CD716}.Debug|Any CPU.Build.0 = Debug|Any CPU
		{BE3F78CF-8728-44B9-A0C8-41CD2B4CD716}.Debug|x64.ActiveCfg = Debug|Any CPU
		{BE3F78CF-8728-44B9-A0C8-41CD2B4CD716}.Debug|x64.Build.0 = Debug|Any CPU
		{BE3F78CF-8728-44B9-A0C8-41CD2B4CD716}.Debug|x86.ActiveCfg = Debug|Any CPU
		{BE3F78CF-8728-44B9-A0C8-41CD2B4CD716}.Debug|x86.Build.0 = Debug|Any CPU
		{BE3F78CF-8728-44B9-A0C8-41CD2B4CD716}.Release|Any CPU.ActiveCfg = Release|Any CPU
		{BE3F78CF-8728-44B9-A0C8-41CD2B4CD716}.Release|Any CPU.Build.0 = Release|Any CPU
		{BE3F78CF-8728-44B9-A0C8-41CD2B4CD716}.Release|x64.ActiveCfg = Release|Any CPU
		{BE3F78CF-8728-44B9-A0C8-41CD2B4CD716}.Release|x64.Build.0 = Release|Any CPU
		{BE3F78CF-8728-44B9-A0C8-41CD2B4CD716}.Release|x86.ActiveCfg = Release|Any CPU
		{BE3F78CF-8728-44B9-A0C8-41CD2B4CD716}.Release|x86.Build.0 = Release|Any CPU
	EndGlobalSection
EndGlobal
